
Microsoft Visual Studio Solution File, Format Version 12.00
# Visual Studio Version 16
VisualStudioVersion = 16.0.30804.86
MinimumVisualStudioVersion = 10.0.40219.1
Project("{FAE04EC0-301F-11D3-BF4B-00C04F79EFBC}") = "HH.Tool", "HH.Tool.csproj", "{1158FADC-D77C-4B89-A0A2-80FB5F010E5F}"
EndProject
Global
	GlobalSection(SolutionConfigurationPlatforms) = preSolution
		Debug|Any CPU = Debug|Any CPU
		Release|Any CPU = Release|Any CPU
	EndGlobalSection
	GlobalSection(ProjectConfigurationPlatforms) = postSolution
		{1158FADC-D77C-4B89-A0A2-80FB5F010E5F}.Debug|Any CPU.ActiveCfg = Debug|Any CPU
		{1158FADC-D77C-4B89-A0A2-80FB5F010E5F}.Debug|Any CPU.Build.0 = Debug|Any CPU
		{1158FADC-D77C-4B89-A0A2-80FB5F010E5F}.Release|Any CPU.ActiveCfg = Release|Any CPU
		{1158FADC-D77C-4B89-A0A2-80FB5F010E5F}.Release|Any CPU.Build.0 = Release|Any CPU
	EndGlobalSection
	GlobalSection(SolutionProperties) = preSolution
		HideSolutionNode = FALSE
	EndGlobalSection
	GlobalSection(ExtensibilityGlobals) = postSolution
		SolutionGuid = {3E76E85F-21F0-473A-AF3F-D18FD89E056B}
	EndGlobalSection
EndGlobal
